
Microsoft Visual Studio Solution File, Format Version 11.00
# Visual Studio 2010
Project("{FAE04EC0-301F-11D3-BF4B-00C04F79EFBC}") = "Brillinatech.FileGeneratorService", "Brillinatech.FileGeneratorService\Brillinatech.FileGeneratorService.csproj", "{326E9DA4-CE48-4AFF-9091-1A5CB4DE445F}"
EndProject
Project("{FAE04EC0-301F-11D3-BF4B-00C04F79EFBC}") = "Tek4.Highcharts.Exporting", "..\Tek4.Highcharts.Exporting\Tek4.Highcharts.Exporting.csproj", "{42BDE168-C741-4339-92B6-0656E798E989}"
EndProject
Global
	GlobalSection(SolutionConfigurationPlatforms) = preSolution
		Debug|Any CPU = Debug|Any CPU
		Release|Any CPU = Release|Any CPU
	EndGlobalSection
	GlobalSection(ProjectConfigurationPlatforms) = postSolution
		{326E9DA4-CE48-4AFF-9091-1A5CB4DE445F}.Debug|Any CPU.ActiveCfg = Debug|Any CPU
		{326E9DA4-CE48-4AFF-9091-1A5CB4DE445F}.Debug|Any CPU.Build.0 = Debug|Any CPU
		{326E9DA4-CE48-4AFF-9091-1A5CB4DE445F}.Release|Any CPU.ActiveCfg = Release|Any CPU
		{326E9DA4-CE48-4AFF-9091-1A5CB4DE445F}.Release|Any CPU.Build.0 = Release|Any CPU
		{42BDE168-C741-4339-92B6-0656E798E989}.Debug|Any CPU.ActiveCfg = Debug|Any CPU
		{42BDE168-C741-4339-92B6-0656E798E989}.Debug|Any CPU.Build.0 = Debug|Any CPU
		{42BDE168-C741-4339-92B6-0656E798E989}.Release|Any CPU.ActiveCfg = Release|Any CPU
		{42BDE168-C741-4339-92B6-0656E798E989}.Release|Any CPU.Build.0 = Release|Any CPU
	EndGlobalSection
	GlobalSection(SolutionProperties) = preSolution
		HideSolutionNode = FALSE
	EndGlobalSection
EndGlobal
