
Microsoft Visual Studio Solution File, Format Version 11.00
# Visual Studio 2010
Project("{FAE04EC0-301F-11D3-BF4B-00C04F79EFBC}") = "Brilliantech.FileGenerator.RestApp", "Brilliantech.FileGenerator.RestApp\Brilliantech.FileGenerator.RestApp.csproj", "{C4509786-B743-4A5E-AE41-C54DE6D65170}"
EndProject
Project("{2150E333-8FDC-42A3-9474-1A3956D46DE8}") = "Solution Items", "Solution Items", "{62ED595C-8567-4227-A4EE-23D9DB50F2FA}"
EndProject
Project("{FAE04EC0-301F-11D3-BF4B-00C04F79EFBC}") = "DHX.Excel.Exporting", "DHX.Excel.Exporting\DHX.Excel.Exporting.csproj", "{1A1D649F-B9C0-4415-925A-C9B33F9A150B}"
EndProject
Project("{FAE04EC0-301F-11D3-BF4B-00C04F79EFBC}") = "Tek4.Highcharts.Exporting", "..\Tek4.Highcharts.Exporting\Tek4.Highcharts.Exporting.csproj", "{42BDE168-C741-4339-92B6-0656E798E989}"
EndProject
Project("{FAE04EC0-301F-11D3-BF4B-00C04F79EFBC}") = "WebDemo", "WebDemo\WebDemo.csproj", "{F2A1C0F1-BCB0-4F8E-91F6-46E9BAB31F7B}"
EndProject
Project("{FAE04EC0-301F-11D3-BF4B-00C04F79EFBC}") = "DHTMLX.Export.PDF", "..\DHTMLX.Export.PDF\DHTMLX.Export.PDF.csproj", "{37675540-715A-47D8-898A-7BE22B8CAFB5}"
EndProject
Project("{FAE04EC0-301F-11D3-BF4B-00C04F79EFBC}") = "DHTMLX.Export.Excel", "..\DHTMLX.Export.Excel\DHTMLX.Export.Excel.csproj", "{98502C30-7BF1-4CE6-9F69-F1F5EF9224FE}"
EndProject
Project("{FAE04EC0-301F-11D3-BF4B-00C04F79EFBC}") = "DHX.PDF.Exporting", "DHX.PDF.Exporting\DHX.PDF.Exporting.csproj", "{A922EADB-6B56-4384-85E0-545E600152B9}"
EndProject
Project("{FAE04EC0-301F-11D3-BF4B-00C04F79EFBC}") = "TestConsoleApplication", "TestConsoleApplication\TestConsoleApplication.csproj", "{D810C176-4CF5-4BD0-A66D-44C31CC6375E}"
EndProject
Project("{FAE04EC0-301F-11D3-BF4B-00C04F79EFBC}") = "OpenExcel", "..\OpenExcel\OpenExcel.csproj", "{4ECCE21E-FACF-4D88-8149-4D65889ABBB7}"
EndProject
Project("{FAE04EC0-301F-11D3-BF4B-00C04F79EFBC}") = "Brilliantech.Export.Report", "Brilliantech.Export.Report\Brilliantech.Export.Report.csproj", "{9AB27194-EBD4-4952-8DAC-60BA1FF277E9}"
EndProject
Global
	GlobalSection(SolutionConfigurationPlatforms) = preSolution
		Debug|Any CPU = Debug|Any CPU
		Debug|Mixed Platforms = Debug|Mixed Platforms
		Debug|x86 = Debug|x86
		Release|Any CPU = Release|Any CPU
		Release|Mixed Platforms = Release|Mixed Platforms
		Release|x86 = Release|x86
	EndGlobalSection
	GlobalSection(ProjectConfigurationPlatforms) = postSolution
		{C4509786-B743-4A5E-AE41-C54DE6D65170}.Debug|Any CPU.ActiveCfg = Debug|Any CPU
		{C4509786-B743-4A5E-AE41-C54DE6D65170}.Debug|Any CPU.Build.0 = Debug|Any CPU
		{C4509786-B743-4A5E-AE41-C54DE6D65170}.Debug|Mixed Platforms.ActiveCfg = Debug|Any CPU
		{C4509786-B743-4A5E-AE41-C54DE6D65170}.Debug|Mixed Platforms.Build.0 = Debug|Any CPU
		{C4509786-B743-4A5E-AE41-C54DE6D65170}.Debug|x86.ActiveCfg = Debug|Any CPU
		{C4509786-B743-4A5E-AE41-C54DE6D65170}.Release|Any CPU.ActiveCfg = Release|Any CPU
		{C4509786-B743-4A5E-AE41-C54DE6D65170}.Release|Any CPU.Build.0 = Release|Any CPU
		{C4509786-B743-4A5E-AE41-C54DE6D65170}.Release|Mixed Platforms.ActiveCfg = Release|Any CPU
		{C4509786-B743-4A5E-AE41-C54DE6D65170}.Release|Mixed Platforms.Build.0 = Release|Any CPU
		{C4509786-B743-4A5E-AE41-C54DE6D65170}.Release|x86.ActiveCfg = Release|Any CPU
		{1A1D649F-B9C0-4415-925A-C9B33F9A150B}.Debug|Any CPU.ActiveCfg = Debug|Any CPU
		{1A1D649F-B9C0-4415-925A-C9B33F9A150B}.Debug|Any CPU.Build.0 = Debug|Any CPU
		{1A1D649F-B9C0-4415-925A-C9B33F9A150B}.Debug|Mixed Platforms.ActiveCfg = Debug|Any CPU
		{1A1D649F-B9C0-4415-925A-C9B33F9A150B}.Debug|Mixed Platforms.Build.0 = Debug|Any CPU
		{1A1D649F-B9C0-4415-925A-C9B33F9A150B}.Debug|x86.ActiveCfg = Debug|Any CPU
		{1A1D649F-B9C0-4415-925A-C9B33F9A150B}.Release|Any CPU.ActiveCfg = Release|Any CPU
		{1A1D649F-B9C0-4415-925A-C9B33F9A150B}.Release|Any CPU.Build.0 = Release|Any CPU
		{1A1D649F-B9C0-4415-925A-C9B33F9A150B}.Release|Mixed Platforms.ActiveCfg = Release|Any CPU
		{1A1D649F-B9C0-4415-925A-C9B33F9A150B}.Release|Mixed Platforms.Build.0 = Release|Any CPU
		{1A1D649F-B9C0-4415-925A-C9B33F9A150B}.Release|x86.ActiveCfg = Release|Any CPU
		{42BDE168-C741-4339-92B6-0656E798E989}.Debug|Any CPU.ActiveCfg = Debug|Any CPU
		{42BDE168-C741-4339-92B6-0656E798E989}.Debug|Any CPU.Build.0 = Debug|Any CPU
		{42BDE168-C741-4339-92B6-0656E798E989}.Debug|Mixed Platforms.ActiveCfg = Debug|Any CPU
		{42BDE168-C741-4339-92B6-0656E798E989}.Debug|Mixed Platforms.Build.0 = Debug|Any CPU
		{42BDE168-C741-4339-92B6-0656E798E989}.Debug|x86.ActiveCfg = Debug|Any CPU
		{42BDE168-C741-4339-92B6-0656E798E989}.Release|Any CPU.ActiveCfg = Release|Any CPU
		{42BDE168-C741-4339-92B6-0656E798E989}.Release|Any CPU.Build.0 = Release|Any CPU
		{42BDE168-C741-4339-92B6-0656E798E989}.Release|Mixed Platforms.ActiveCfg = Release|Any CPU
		{42BDE168-C741-4339-92B6-0656E798E989}.Release|Mixed Platforms.Build.0 = Release|Any CPU
		{42BDE168-C741-4339-92B6-0656E798E989}.Release|x86.ActiveCfg = Release|Any CPU
		{F2A1C0F1-BCB0-4F8E-91F6-46E9BAB31F7B}.Debug|Any CPU.ActiveCfg = Debug|Any CPU
		{F2A1C0F1-BCB0-4F8E-91F6-46E9BAB31F7B}.Debug|Any CPU.Build.0 = Debug|Any CPU
		{F2A1C0F1-BCB0-4F8E-91F6-46E9BAB31F7B}.Debug|Mixed Platforms.ActiveCfg = Debug|Any CPU
		{F2A1C0F1-BCB0-4F8E-91F6-46E9BAB31F7B}.Debug|Mixed Platforms.Build.0 = Debug|Any CPU
		{F2A1C0F1-BCB0-4F8E-91F6-46E9BAB31F7B}.Debug|x86.ActiveCfg = Debug|Any CPU
		{F2A1C0F1-BCB0-4F8E-91F6-46E9BAB31F7B}.Release|Any CPU.ActiveCfg = Release|Any CPU
		{F2A1C0F1-BCB0-4F8E-91F6-46E9BAB31F7B}.Release|Any CPU.Build.0 = Release|Any CPU
		{F2A1C0F1-BCB0-4F8E-91F6-46E9BAB31F7B}.Release|Mixed Platforms.ActiveCfg = Release|Any CPU
		{F2A1C0F1-BCB0-4F8E-91F6-46E9BAB31F7B}.Release|Mixed Platforms.Build.0 = Release|Any CPU
		{F2A1C0F1-BCB0-4F8E-91F6-46E9BAB31F7B}.Release|x86.ActiveCfg = Release|Any CPU
		{37675540-715A-47D8-898A-7BE22B8CAFB5}.Debug|Any CPU.ActiveCfg = Debug|Any CPU
		{37675540-715A-47D8-898A-7BE22B8CAFB5}.Debug|Any CPU.Build.0 = Debug|Any CPU
		{37675540-715A-47D8-898A-7BE22B8CAFB5}.Debug|Mixed Platforms.ActiveCfg = Debug|Any CPU
		{37675540-715A-47D8-898A-7BE22B8CAFB5}.Debug|Mixed Platforms.Build.0 = Debug|Any CPU
		{37675540-715A-47D8-898A-7BE22B8CAFB5}.Debug|x86.ActiveCfg = Debug|Any CPU
		{37675540-715A-47D8-898A-7BE22B8CAFB5}.Release|Any CPU.ActiveCfg = Release|Any CPU
		{37675540-715A-47D8-898A-7BE22B8CAFB5}.Release|Any CPU.Build.0 = Release|Any CPU
		{37675540-715A-47D8-898A-7BE22B8CAFB5}.Release|Mixed Platforms.ActiveCfg = Release|Any CPU
		{37675540-715A-47D8-898A-7BE22B8CAFB5}.Release|Mixed Platforms.Build.0 = Release|Any CPU
		{37675540-715A-47D8-898A-7BE22B8CAFB5}.Release|x86.ActiveCfg = Release|Any CPU
		{98502C30-7BF1-4CE6-9F69-F1F5EF9224FE}.Debug|Any CPU.ActiveCfg = Debug|Any CPU
		{98502C30-7BF1-4CE6-9F69-F1F5EF9224FE}.Debug|Any CPU.Build.0 = Debug|Any CPU
		{98502C30-7BF1-4CE6-9F69-F1F5EF9224FE}.Debug|Mixed Platforms.ActiveCfg = Debug|Any CPU
		{98502C30-7BF1-4CE6-9F69-F1F5EF9224FE}.Debug|Mixed Platforms.Build.0 = Debug|Any CPU
		{98502C30-7BF1-4CE6-9F69-F1F5EF9224FE}.Debug|x86.ActiveCfg = Debug|Any CPU
		{98502C30-7BF1-4CE6-9F69-F1F5EF9224FE}.Release|Any CPU.ActiveCfg = Release|Any CPU
		{98502C30-7BF1-4CE6-9F69-F1F5EF9224FE}.Release|Any CPU.Build.0 = Release|Any CPU
		{98502C30-7BF1-4CE6-9F69-F1F5EF9224FE}.Release|Mixed Platforms.ActiveCfg = Release|Any CPU
		{98502C30-7BF1-4CE6-9F69-F1F5EF9224FE}.Release|Mixed Platforms.Build.0 = Release|Any CPU
		{98502C30-7BF1-4CE6-9F69-F1F5EF9224FE}.Release|x86.ActiveCfg = Release|Any CPU
		{A922EADB-6B56-4384-85E0-545E600152B9}.Debug|Any CPU.ActiveCfg = Debug|Any CPU
		{A922EADB-6B56-4384-85E0-545E600152B9}.Debug|Any CPU.Build.0 = Debug|Any CPU
		{A922EADB-6B56-4384-85E0-545E600152B9}.Debug|Mixed Platforms.ActiveCfg = Debug|Any CPU
		{A922EADB-6B56-4384-85E0-545E600152B9}.Debug|Mixed Platforms.Build.0 = Debug|Any CPU
		{A922EADB-6B56-4384-85E0-545E600152B9}.Debug|x86.ActiveCfg = Debug|Any CPU
		{A922EADB-6B56-4384-85E0-545E600152B9}.Release|Any CPU.ActiveCfg = Release|Any CPU
		{A922EADB-6B56-4384-85E0-545E600152B9}.Release|Any CPU.Build.0 = Release|Any CPU
		{A922EADB-6B56-4384-85E0-545E600152B9}.Release|Mixed Platforms.ActiveCfg = Release|Any CPU
		{A922EADB-6B56-4384-85E0-545E600152B9}.Release|Mixed Platforms.Build.0 = Release|Any CPU
		{A922EADB-6B56-4384-85E0-545E600152B9}.Release|x86.ActiveCfg = Release|Any CPU
		{D810C176-4CF5-4BD0-A66D-44C31CC6375E}.Debug|Any CPU.ActiveCfg = Debug|x86
		{D810C176-4CF5-4BD0-A66D-44C31CC6375E}.Debug|Mixed Platforms.ActiveCfg = Debug|x86
		{D810C176-4CF5-4BD0-A66D-44C31CC6375E}.Debug|Mixed Platforms.Build.0 = Debug|x86
		{D810C176-4CF5-4BD0-A66D-44C31CC6375E}.Debug|x86.ActiveCfg = Debug|x86
		{D810C176-4CF5-4BD0-A66D-44C31CC6375E}.Debug|x86.Build.0 = Debug|x86
		{D810C176-4CF5-4BD0-A66D-44C31CC6375E}.Release|Any CPU.ActiveCfg = Release|x86
		{D810C176-4CF5-4BD0-A66D-44C31CC6375E}.Release|Mixed Platforms.ActiveCfg = Release|x86
		{D810C176-4CF5-4BD0-A66D-44C31CC6375E}.Release|Mixed Platforms.Build.0 = Release|x86
		{D810C176-4CF5-4BD0-A66D-44C31CC6375E}.Release|x86.ActiveCfg = Release|x86
		{D810C176-4CF5-4BD0-A66D-44C31CC6375E}.Release|x86.Build.0 = Release|x86
		{4ECCE21E-FACF-4D88-8149-4D65889ABBB7}.Debug|Any CPU.ActiveCfg = Debug|x86
		{4ECCE21E-FACF-4D88-8149-4D65889ABBB7}.Debug|Mixed Platforms.ActiveCfg = Debug|x86
		{4ECCE21E-FACF-4D88-8149-4D65889ABBB7}.Debug|Mixed Platforms.Build.0 = Debug|x86
		{4ECCE21E-FACF-4D88-8149-4D65889ABBB7}.Debug|x86.ActiveCfg = Debug|x86
		{4ECCE21E-FACF-4D88-8149-4D65889ABBB7}.Debug|x86.Build.0 = Debug|x86
		{4ECCE21E-FACF-4D88-8149-4D65889ABBB7}.Release|Any CPU.ActiveCfg = Release|x86
		{4ECCE21E-FACF-4D88-8149-4D65889ABBB7}.Release|Mixed Platforms.ActiveCfg = Release|x86
		{4ECCE21E-FACF-4D88-8149-4D65889ABBB7}.Release|Mixed Platforms.Build.0 = Release|x86
		{4ECCE21E-FACF-4D88-8149-4D65889ABBB7}.Release|x86.ActiveCfg = Release|x86
		{4ECCE21E-FACF-4D88-8149-4D65889ABBB7}.Release|x86.Build.0 = Release|x86
		{9AB27194-EBD4-4952-8DAC-60BA1FF277E9}.Debug|Any CPU.ActiveCfg = Debug|Any CPU
		{9AB27194-EBD4-4952-8DAC-60BA1FF277E9}.Debug|Any CPU.Build.0 = Debug|Any CPU
		{9AB27194-EBD4-4952-8DAC-60BA1FF277E9}.Debug|Mixed Platforms.ActiveCfg = Debug|Any CPU
		{9AB27194-EBD4-4952-8DAC-60BA1FF277E9}.Debug|Mixed Platforms.Build.0 = Debug|Any CPU
		{9AB27194-EBD4-4952-8DAC-60BA1FF277E9}.Debug|x86.ActiveCfg = Debug|Any CPU
		{9AB27194-EBD4-4952-8DAC-60BA1FF277E9}.Release|Any CPU.ActiveCfg = Release|Any CPU
		{9AB27194-EBD4-4952-8DAC-60BA1FF277E9}.Release|Any CPU.Build.0 = Release|Any CPU
		{9AB27194-EBD4-4952-8DAC-60BA1FF277E9}.Release|Mixed Platforms.ActiveCfg = Release|Any CPU
		{9AB27194-EBD4-4952-8DAC-60BA1FF277E9}.Release|Mixed Platforms.Build.0 = Release|Any CPU
		{9AB27194-EBD4-4952-8DAC-60BA1FF277E9}.Release|x86.ActiveCfg = Release|Any CPU
	EndGlobalSection
	GlobalSection(SolutionProperties) = preSolution
		HideSolutionNode = FALSE
	EndGlobalSection
EndGlobal
